
Microsoft Visual Studio Solution File, Format Version 12.00
# Visual Studio Version 17
VisualStudioVersion = 17.3.32929.385
MinimumVisualStudioVersion = 10.0.40219.1
Project("{FAE04EC0-301F-11D3-BF4B-00C04F79EFBC}") = "WebApplicationTest", "WebApplicationTest\WebApplicationTest.csproj", "{F54518F5-D419-4ABF-8E98-332642855FA6}"
EndProject
Global
	GlobalSection(SolutionConfigurationPlatforms) = preSolution
		Debug|Any CPU = Debug|Any CPU
		Release|Any CPU = Release|Any CPU
	EndGlobalSection
	GlobalSection(ProjectConfigurationPlatforms) = postSolution
		{F54518F5-D419-4ABF-8E98-332642855FA6}.Debug|Any CPU.ActiveCfg = Debug|Any CPU
		{F54518F5-D419-4ABF-8E98-332642855FA6}.Debug|Any CPU.Build.0 = Debug|Any CPU
		{F54518F5-D419-4ABF-8E98-332642855FA6}.Release|Any CPU.ActiveCfg = Release|Any CPU
		{F54518F5-D419-4ABF-8E98-332642855FA6}.Release|Any CPU.Build.0 = Release|Any CPU
	EndGlobalSection
	GlobalSection(SolutionProperties) = preSolution
		HideSolutionNode = FALSE
	EndGlobalSection
	GlobalSection(ExtensibilityGlobals) = postSolution
		SolutionGuid = {FA54AA9D-8D94-49FA-93EA-7E2EDA28A888}
	EndGlobalSection
EndGlobal
